
Microsoft Visual Studio Solution File, Format Version 12.00
# Visual Studio Version 16
VisualStudioVersion = 16.0.29509.3
MinimumVisualStudioVersion = 10.0.40219.1
Project("{FAE04EC0-301F-11D3-BF4B-00C04F79EFBC}") = "ADO.NET", "ADO.NET\ADO.NET.csproj", "{4AD94AD2-FA1F-4255-A2A8-74FA4C6AEC57}"
EndProject
Project("{FAE04EC0-301F-11D3-BF4B-00C04F79EFBC}") = "CarController", "PresentationLayer\CarController.csproj", "{F9A5AE3E-B56C-414B-AC70-E8E1F23892C2}"
EndProject
Project("{FAE04EC0-301F-11D3-BF4B-00C04F79EFBC}") = "CarManager", "BusinessLogic\CarManager.csproj", "{E50A7F37-64A5-4C39-8951-ECF9750801B5}"
EndProject
Project("{FAE04EC0-301F-11D3-BF4B-00C04F79EFBC}") = "CarRepository", "DataAccessLayer\CarRepository.csproj", "{015E661A-15E9-4BF1-BA21-348904B7BA8F}"
EndProject
Global
	GlobalSection(SolutionConfigurationPlatforms) = preSolution
		Debug|Any CPU = Debug|Any CPU
		Release|Any CPU = Release|Any CPU
	EndGlobalSection
	GlobalSection(ProjectConfigurationPlatforms) = postSolution
		{4AD94AD2-FA1F-4255-A2A8-74FA4C6AEC57}.Debug|Any CPU.ActiveCfg = Debug|Any CPU
		{4AD94AD2-FA1F-4255-A2A8-74FA4C6AEC57}.Debug|Any CPU.Build.0 = Debug|Any CPU
		{4AD94AD2-FA1F-4255-A2A8-74FA4C6AEC57}.Release|Any CPU.ActiveCfg = Release|Any CPU
		{4AD94AD2-FA1F-4255-A2A8-74FA4C6AEC57}.Release|Any CPU.Build.0 = Release|Any CPU
		{F9A5AE3E-B56C-414B-AC70-E8E1F23892C2}.Debug|Any CPU.ActiveCfg = Debug|Any CPU
		{F9A5AE3E-B56C-414B-AC70-E8E1F23892C2}.Debug|Any CPU.Build.0 = Debug|Any CPU
		{F9A5AE3E-B56C-414B-AC70-E8E1F23892C2}.Release|Any CPU.ActiveCfg = Release|Any CPU
		{F9A5AE3E-B56C-414B-AC70-E8E1F23892C2}.Release|Any CPU.Build.0 = Release|Any CPU
		{E50A7F37-64A5-4C39-8951-ECF9750801B5}.Debug|Any CPU.ActiveCfg = Debug|Any CPU
		{E50A7F37-64A5-4C39-8951-ECF9750801B5}.Debug|Any CPU.Build.0 = Debug|Any CPU
		{E50A7F37-64A5-4C39-8951-ECF9750801B5}.Release|Any CPU.ActiveCfg = Release|Any CPU
		{E50A7F37-64A5-4C39-8951-ECF9750801B5}.Release|Any CPU.Build.0 = Release|Any CPU
		{015E661A-15E9-4BF1-BA21-348904B7BA8F}.Debug|Any CPU.ActiveCfg = Debug|Any CPU
		{015E661A-15E9-4BF1-BA21-348904B7BA8F}.Debug|Any CPU.Build.0 = Debug|Any CPU
		{015E661A-15E9-4BF1-BA21-348904B7BA8F}.Release|Any CPU.ActiveCfg = Release|Any CPU
		{015E661A-15E9-4BF1-BA21-348904B7BA8F}.Release|Any CPU.Build.0 = Release|Any CPU
	EndGlobalSection
	GlobalSection(SolutionProperties) = preSolution
		HideSolutionNode = FALSE
	EndGlobalSection
	GlobalSection(ExtensibilityGlobals) = postSolution
		SolutionGuid = {67FADBCF-3DCE-4845-9A9A-FDAD29E0DEE7}
	EndGlobalSection
EndGlobal
